<?xml version="1.0" encoding="utf-8"?>
<Project ToolsVersion="4.0" xmlns="http://schemas.microsoft.com/developer/msbuild/2003">
  <ItemGroup>
    <Filter Include="Source Files">
      <UniqueIdentifier>{4FC737F1-C7A5-4376-A066-2A32D752A2FF}</UniqueIdentifier>
      <Extensions>cpp;c;cc;cxx;def;odl;idl;hpj;bat;asm;asmx</Extensions>
    </Filter>
    <Filter Include="Resource Files">
      <UniqueIdentifier>{67DA6AB6-F800-4c08-8B7A-83BB121AAD01}</UniqueIdentifier>
      <Extensions>rc;ico;cur;bmp;dlg;rc2;rct;bin;rgs;gif;jpg;jpeg;jpe;resx;tiff;tif;png;wav;mfcribbon-ms</Extensions>
    </Filter>
    <Filter Include="GUI">
      <UniqueIdentifier>{a7af7b04-00f7-497f-aeab-b55038b8c835}</UniqueIdentifier>
    </Filter>
    <Filter Include="Allegrex">
      <UniqueIdentifier>{20c2f866-0f67-4d76-be0f-685968164742}</UniqueIdentifier>
    </Filter>
    <Filter Include="GUI\FileBrowser">
      <UniqueIdentifier>{74bae59c-5cb7-413b-95c2-660fbce53ada}</UniqueIdentifier>
    </Filter>
    <Filter Include="GUI\FileBrowser\Dirent">
      <UniqueIdentifier>{ac28be98-da0e-47b6-b1c3-ec2ff2e4dfc7}</UniqueIdentifier>
    </Filter>
    <Filter Include="format">
      <UniqueIdentifier>{15afc8e3-0d6d-4500-b297-7cf52eb7bb3a}</UniqueIdentifier>
    </Filter>
  </ItemGroup>
  <ItemGroup>
    <ClCompile Include="..\..\src\src\Main.cpp">
      <Filter>Source Files</Filter>
    </ClCompile>
    <ClCompile Include="..\..\src\src\Memory.cpp">
      <Filter>Source Files</Filter>
    </ClCompile>
    <ClCompile Include="..\..\src\src\gui\Dissasembler.cpp">
      <Filter>GUI</Filter>
    </ClCompile>
    <ClCompile Include="..\..\third_party\FileBrowser\ImGuiFileBrowser.cpp">
      <Filter>GUI\FileBrowser</Filter>
    </ClCompile>
    <ClCompile Include="..\..\src\src\format\PBP.cpp">
      <Filter>format</Filter>
    </ClCompile>
    <ClCompile Include="..\..\src\src\gui\HeaderViewer.cpp">
      <Filter>GUI</Filter>
    </ClCompile>
    <ClCompile Include="..\..\src\src\format\PSF.cpp">
      <Filter>format</Filter>
    </ClCompile>
  </ItemGroup>
  <ItemGroup>
    <None Include="packages.config" />
  </ItemGroup>
  <ItemGroup>
    <ClInclude Include="..\..\src\src\gui\imgui_memory_editor.h">
      <Filter>GUI</Filter>
    </ClInclude>
    <ClInclude Include="..\..\src\src\Memory.h">
      <Filter>Source Files</Filter>
    </ClInclude>
    <ClInclude Include="..\..\src\src\MemoryMap.h">
      <Filter>Source Files</Filter>
    </ClInclude>
    <ClInclude Include="..\..\src\src\PCSPCommon.h">
      <Filter>Source Files</Filter>
    </ClInclude>
    <ClInclude Include="..\..\src\src\gui\memoryViewer.h">
      <Filter>GUI</Filter>
    </ClInclude>
    <ClInclude Include="..\..\src\src\gui\Dissasembler.h">
      <Filter>GUI</Filter>
    </ClInclude>
    <ClInclude Include="..\..\src\src\allegrex\Opcodes.h">
      <Filter>Allegrex</Filter>
    </ClInclude>
    <ClInclude Include="..\..\src\src\allegrex\Instruction.h">
      <Filter>Allegrex</Filter>
    </ClInclude>
    <ClInclude Include="..\..\src\src\allegrex\Decoder.h">
      <Filter>Allegrex</Filter>
    </ClInclude>
    <ClInclude Include="..\..\src\src\allegrex\Common.h">
      <Filter>Allegrex</Filter>
    </ClInclude>
    <ClInclude Include="..\..\src\src\allegrex\Instructions.h">
      <Filter>Allegrex</Filter>
    </ClInclude>
    <ClInclude Include="..\..\third_party\FileBrowser\Dirent\dirent.h">
      <Filter>GUI\FileBrowser\Dirent</Filter>
    </ClInclude>
    <ClInclude Include="..\..\third_party\FileBrowser\ImGuiFileBrowser.h">
      <Filter>GUI\FileBrowser</Filter>
    </ClInclude>
    <ClInclude Include="..\..\src\src\format\PBP.h">
      <Filter>format</Filter>
    </ClInclude>
    <ClInclude Include="..\..\src\src\gui\HeaderViewer.h">
      <Filter>GUI</Filter>
    </ClInclude>
    <ClInclude Include="..\..\src\src\format\PSF.h">
      <Filter>format</Filter>
    </ClInclude>
  </ItemGroup>
</Project>